
Microsoft Visual Studio Solution File, Format Version 12.00
# Visual Studio Version 17
VisualStudioVersion = 17.0.31903.59
MinimumVisualStudioVersion = 10.0.40219.1
Project("{FAE04EC0-301F-11D3-BF4B-00C04F79EFBC}") = "ConsoleApp1", "ConsoleApp1\ConsoleApp1.csproj", "{F62EABB9-7F7B-49EB-91DC-A1AC8CB3622B}"
EndProject
Project("{FAE04EC0-301F-11D3-BF4B-00C04F79EFBC}") = "PracticeWork2.2", "PracticeWork2.2\PracticeWork2.2.csproj", "{841258CC-E49E-4EC4-AD14-BA13D2EE0F90}"
EndProject
Project("{FAE04EC0-301F-11D3-BF4B-00C04F79EFBC}") = "PracticeWork2.1", "PracticeWork2.1\PracticeWork2.1.csproj", "{4541D12C-16DE-48EC-B0C3-D098BBC6199F}"
EndProject
Global
	GlobalSection(SolutionConfigurationPlatforms) = preSolution
		Debug|Any CPU = Debug|Any CPU
		Debug|x64 = Debug|x64
		Debug|x86 = Debug|x86
		Release|Any CPU = Release|Any CPU
		Release|x64 = Release|x64
		Release|x86 = Release|x86
	EndGlobalSection
	GlobalSection(ProjectConfigurationPlatforms) = postSolution
		{F62EABB9-7F7B-49EB-91DC-A1AC8CB3622B}.Debug|Any CPU.ActiveCfg = Debug|Any CPU
		{F62EABB9-7F7B-49EB-91DC-A1AC8CB3622B}.Debug|Any CPU.Build.0 = Debug|Any CPU
		{F62EABB9-7F7B-49EB-91DC-A1AC8CB3622B}.Debug|x64.ActiveCfg = Debug|Any CPU
		{F62EABB9-7F7B-49EB-91DC-A1AC8CB3622B}.Debug|x64.Build.0 = Debug|Any CPU
		{F62EABB9-7F7B-49EB-91DC-A1AC8CB3622B}.Debug|x86.ActiveCfg = Debug|Any CPU
		{F62EABB9-7F7B-49EB-91DC-A1AC8CB3622B}.Debug|x86.Build.0 = Debug|Any CPU
		{F62EABB9-7F7B-49EB-91DC-A1AC8CB3622B}.Release|Any CPU.ActiveCfg = Release|Any CPU
		{F62EABB9-7F7B-49EB-91DC-A1AC8CB3622B}.Release|Any CPU.Build.0 = Release|Any CPU
		{F62EABB9-7F7B-49EB-91DC-A1AC8CB3622B}.Release|x64.ActiveCfg = Release|Any CPU
		{F62EABB9-7F7B-49EB-91DC-A1AC8CB3622B}.Release|x64.Build.0 = Release|Any CPU
		{F62EABB9-7F7B-49EB-91DC-A1AC8CB3622B}.Release|x86.ActiveCfg = Release|Any CPU
		{F62EABB9-7F7B-49EB-91DC-A1AC8CB3622B}.Release|x86.Build.0 = Release|Any CPU
		{841258CC-E49E-4EC4-AD14-BA13D2EE0F90}.Debug|Any CPU.ActiveCfg = Debug|Any CPU
		{841258CC-E49E-4EC4-AD14-BA13D2EE0F90}.Debug|Any CPU.Build.0 = Debug|Any CPU
		{841258CC-E49E-4EC4-AD14-BA13D2EE0F90}.Debug|x64.ActiveCfg = Debug|Any CPU
		{841258CC-E49E-4EC4-AD14-BA13D2EE0F90}.Debug|x64.Build.0 = Debug|Any CPU
		{841258CC-E49E-4EC4-AD14-BA13D2EE0F90}.Debug|x86.ActiveCfg = Debug|Any CPU
		{841258CC-E49E-4EC4-AD14-BA13D2EE0F90}.Debug|x86.Build.0 = Debug|Any CPU
		{841258CC-E49E-4EC4-AD14-BA13D2EE0F90}.Release|Any CPU.ActiveCfg = Release|Any CPU
		{841258CC-E49E-4EC4-AD14-BA13D2EE0F90}.Release|Any CPU.Build.0 = Release|Any CPU
		{841258CC-E49E-4EC4-AD14-BA13D2EE0F90}.Release|x64.ActiveCfg = Release|Any CPU
		{841258CC-E49E-4EC4-AD14-BA13D2EE0F90}.Release|x64.Build.0 = Release|Any CPU
		{841258CC-E49E-4EC4-AD14-BA13D2EE0F90}.Release|x86.ActiveCfg = Release|Any CPU
		{841258CC-E49E-4EC4-AD14-BA13D2EE0F90}.Release|x86.Build.0 = Release|Any CPU
		{4541D12C-16DE-48EC-B0C3-D098BBC6199F}.Debug|Any CPU.ActiveCfg = Debug|Any CPU
		{4541D12C-16DE-48EC-B0C3-D098BBC6199F}.Debug|Any CPU.Build.0 = Debug|Any CPU
		{4541D12C-16DE-48EC-B0C3-D098BBC6199F}.Debug|x64.ActiveCfg = Debug|Any CPU
		{4541D12C-16DE-48EC-B0C3-D098BBC6199F}.Debug|x64.Build.0 = Debug|Any CPU
		{4541D12C-16DE-48EC-B0C3-D098BBC6199F}.Debug|x86.ActiveCfg = Debug|Any CPU
		{4541D12C-16DE-48EC-B0C3-D098BBC6199F}.Debug|x86.Build.0 = Debug|Any CPU
		{4541D12C-16DE-48EC-B0C3-D098BBC6199F}.Release|Any CPU.ActiveCfg = Release|Any CPU
		{4541D12C-16DE-48EC-B0C3-D098BBC6199F}.Release|Any CPU.Build.0 = Release|Any CPU
		{4541D12C-16DE-48EC-B0C3-D098BBC6199F}.Release|x64.ActiveCfg = Release|Any CPU
		{4541D12C-16DE-48EC-B0C3-D098BBC6199F}.Release|x64.Build.0 = Release|Any CPU
		{4541D12C-16DE-48EC-B0C3-D098BBC6199F}.Release|x86.ActiveCfg = Release|Any CPU
		{4541D12C-16DE-48EC-B0C3-D098BBC6199F}.Release|x86.Build.0 = Release|Any CPU
	EndGlobalSection
	GlobalSection(SolutionProperties) = preSolution
		HideSolutionNode = FALSE
	EndGlobalSection
EndGlobal
